<?xml version="1.0" encoding="utf-8"?>
<Project ToolsVersion="4.0" xmlns="http://schemas.microsoft.com/developer/msbuild/2003">
  <ItemGroup>
    <ClCompile Include="1002.cpp">
      <Filter>Backjoon</Filter>
    </ClCompile>
    <ClCompile Include="1003.cpp">
      <Filter>Backjoon</Filter>
    </ClCompile>
    <ClCompile Include="1012.cpp">
      <Filter>Backjoon</Filter>
    </ClCompile>
    <ClCompile Include="1043.cpp">
      <Filter>Backjoon</Filter>
    </ClCompile>
    <ClCompile Include="1074.cpp">
      <Filter>Backjoon</Filter>
    </ClCompile>
    <ClCompile Include="1107.cpp">
      <Filter>Backjoon</Filter>
    </ClCompile>
    <ClCompile Include="1149.cpp">
      <Filter>Backjoon</Filter>
    </ClCompile>
    <ClCompile Include="1167.cpp">
      <Filter>Backjoon</Filter>
    </ClCompile>
    <ClCompile Include="1238.cpp">
      <Filter>Backjoon</Filter>
    </ClCompile>
    <ClCompile Include="1260.cpp">
      <Filter>Backjoon</Filter>
    </ClCompile>
    <ClCompile Include="1389.cpp">
      <Filter>Backjoon</Filter>
    </ClCompile>
    <ClCompile Include="1463.cpp">
      <Filter>Backjoon</Filter>
    </ClCompile>
    <ClCompile Include="1504.cpp">
      <Filter>Backjoon</Filter>
    </ClCompile>
    <ClCompile Include="1620.cpp">
      <Filter>Backjoon</Filter>
    </ClCompile>
    <ClCompile Include="1629.cpp">
      <Filter>Backjoon</Filter>
    </ClCompile>
    <ClCompile Include="1655.cpp">
      <Filter>Backjoon</Filter>
    </ClCompile>
    <ClCompile Include="1676.cpp">
      <Filter>Backjoon</Filter>
    </ClCompile>
    <ClCompile Include="1697.cpp">
      <Filter>Backjoon</Filter>
    </ClCompile>
    <ClCompile Include="1715.cpp">
      <Filter>Backjoon</Filter>
    </ClCompile>
    <ClCompile Include="1753.cpp">
      <Filter>Backjoon</Filter>
    </ClCompile>
    <ClCompile Include="1766.cpp">
      <Filter>Backjoon</Filter>
    </ClCompile>
    <ClCompile Include="1865.cpp">
      <Filter>Backjoon</Filter>
    </ClCompile>
    <ClCompile Include="1916.cpp">
      <Filter>Backjoon</Filter>
    </ClCompile>
    <ClCompile Include="1927.cpp">
      <Filter>Backjoon</Filter>
    </ClCompile>
    <ClCompile Include="1966.cpp">
      <Filter>Backjoon</Filter>
    </ClCompile>
    <ClCompile Include="1992.cpp">
      <Filter>Backjoon</Filter>
    </ClCompile>
    <ClCompile Include="2075.cpp">
      <Filter>Backjoon</Filter>
    </ClCompile>
    <ClCompile Include="2164.cpp">
      <Filter>Backjoon</Filter>
    </ClCompile>
    <ClCompile Include="2178.cpp">
      <Filter>Backjoon</Filter>
    </ClCompile>
    <ClCompile Include="2252.cpp">
      <Filter>Backjoon</Filter>
    </ClCompile>
    <ClCompile Include="2263.cpp">
      <Filter>Backjoon</Filter>
    </ClCompile>
    <ClCompile Include="2407.cpp">
      <Filter>Backjoon</Filter>
    </ClCompile>
    <ClCompile Include="2448.cpp">
      <Filter>Backjoon</Filter>
    </ClCompile>
    <ClCompile Include="2579.cpp">
      <Filter>Backjoon</Filter>
    </ClCompile>
    <ClCompile Include="2580.cpp">
      <Filter>Backjoon</Filter>
    </ClCompile>
    <ClCompile Include="2798.cpp">
      <Filter>Backjoon</Filter>
    </ClCompile>
    <ClCompile Include="4949.cpp">
      <Filter>Backjoon</Filter>
    </ClCompile>
    <ClCompile Include="5639.cpp">
      <Filter>Backjoon</Filter>
    </ClCompile>
    <ClCompile Include="6198.cpp">
      <Filter>Backjoon</Filter>
    </ClCompile>
    <ClCompile Include="7662.cpp">
      <Filter>Backjoon</Filter>
    </ClCompile>
    <ClCompile Include="9012.cpp">
      <Filter>Backjoon</Filter>
    </ClCompile>
    <ClCompile Include="10773.cpp">
      <Filter>Backjoon</Filter>
    </ClCompile>
    <ClCompile Include="10866.cpp">
      <Filter>Backjoon</Filter>
    </ClCompile>
    <ClCompile Include="11000.cpp">
      <Filter>Backjoon</Filter>
    </ClCompile>
    <ClCompile Include="11003.cpp">
      <Filter>Backjoon</Filter>
    </ClCompile>
    <ClCompile Include="11286.cpp">
      <Filter>Backjoon</Filter>
    </ClCompile>
    <ClCompile Include="14935.cpp">
      <Filter>Backjoon</Filter>
    </ClCompile>
    <ClCompile Include="17610.cpp">
      <Filter>Backjoon</Filter>
    </ClCompile>
    <ClCompile Include="18258.cpp">
      <Filter>Backjoon</Filter>
    </ClCompile>
    <ClCompile Include="24416.cpp">
      <Filter>Backjoon</Filter>
    </ClCompile>
    <ClCompile Include="1436.cpp">
      <Filter>Backjoon</Filter>
    </ClCompile>
    <ClCompile Include="1620_1.cpp">
      <Filter>Backjoon</Filter>
    </ClCompile>
    <ClCompile Include="1874.cpp">
      <Filter>Backjoon</Filter>
    </ClCompile>
    <ClCompile Include="2630.cpp">
      <Filter>Backjoon</Filter>
    </ClCompile>
    <ClCompile Include="2630_1.cpp">
      <Filter>Backjoon</Filter>
    </ClCompile>
    <ClCompile Include="2667.cpp">
      <Filter>Backjoon</Filter>
    </ClCompile>
    <ClCompile Include="2667-1.cpp">
      <Filter>Backjoon</Filter>
    </ClCompile>
    <ClCompile Include="2805.cpp">
      <Filter>Backjoon</Filter>
    </ClCompile>
    <ClCompile Include="5430.cpp">
      <Filter>Backjoon</Filter>
    </ClCompile>
    <ClCompile Include="5525.cpp">
      <Filter>Backjoon</Filter>
    </ClCompile>
    <ClCompile Include="7576.cpp">
      <Filter>Backjoon</Filter>
    </ClCompile>
    <ClCompile Include="7576_1.cpp">
      <Filter>Backjoon</Filter>
    </ClCompile>
    <ClCompile Include="9095.cpp">
      <Filter>Backjoon</Filter>
    </ClCompile>
    <ClCompile Include="9375.cpp">
      <Filter>Backjoon</Filter>
    </ClCompile>
    <ClCompile Include="9461.cpp">
      <Filter>Backjoon</Filter>
    </ClCompile>
    <ClCompile Include="11279.cpp">
      <Filter>Backjoon</Filter>
    </ClCompile>
    <ClCompile Include="11403.cpp">
      <Filter>Backjoon</Filter>
    </ClCompile>
    <ClCompile Include="11723.cpp">
      <Filter>Backjoon</Filter>
    </ClCompile>
    <ClCompile Include="11724.cpp">
      <Filter>Backjoon</Filter>
    </ClCompile>
    <ClCompile Include="11726.cpp">
      <Filter>Backjoon</Filter>
    </ClCompile>
    <ClCompile Include="17219.cpp">
      <Filter>Backjoon</Filter>
    </ClCompile>
    <ClCompile Include="17626.cpp">
      <Filter>Backjoon</Filter>
    </ClCompile>
    <ClCompile Include="18111.cpp">
      <Filter>Backjoon</Filter>
    </ClCompile>
    <ClCompile Include="18870.cpp">
      <Filter>Backjoon</Filter>
    </ClCompile>
    <ClCompile Include="COS_PRO_1급1차_1.cpp">
      <Filter>GroomEdu</Filter>
    </ClCompile>
    <ClCompile Include="6064.cpp">
      <Filter>Backjoon</Filter>
    </ClCompile>
    <ClCompile Include="COS_PRO_1급1차_2.cpp">
      <Filter>GroomEdu</Filter>
    </ClCompile>
    <ClCompile Include="COS_PRO_1급1차_3.cpp">
      <Filter>GroomEdu</Filter>
    </ClCompile>
    <ClCompile Include="COS_PRO_1급1차_4.cpp">
      <Filter>GroomEdu</Filter>
    </ClCompile>
    <ClCompile Include="COS_PRO_1급1차_5.cpp">
      <Filter>GroomEdu</Filter>
    </ClCompile>
    <ClCompile Include="COS_PRO_1급1차_7.cpp">
      <Filter>GroomEdu</Filter>
    </ClCompile>
    <ClCompile Include="COS_PRO_1급1차_6.cpp">
      <Filter>GroomEdu</Filter>
    </ClCompile>
    <ClCompile Include="COS_PRO_1급1차_8.cpp">
      <Filter>GroomEdu</Filter>
    </ClCompile>
    <ClCompile Include="COS_PRO_1급1차_9.cpp">
      <Filter>GroomEdu</Filter>
    </ClCompile>
    <ClCompile Include="16928.cpp">
      <Filter>Backjoon</Filter>
    </ClCompile>
    <ClCompile Include="11727.cpp">
      <Filter>Backjoon</Filter>
    </ClCompile>
  </ItemGroup>
  <ItemGroup>
    <Filter Include="Backjoon">
      <UniqueIdentifier>{bdf8eb2f-acfe-41af-a8d9-56a76f29de96}</UniqueIdentifier>
    </Filter>
    <Filter Include="GroomEdu">
      <UniqueIdentifier>{954ed9e4-155b-4f0e-876b-55ab448456e8}</UniqueIdentifier>
    </Filter>
    <Filter Include="Programmers">
      <UniqueIdentifier>{9c199c8a-887e-43b1-a57c-3d95662150ce}</UniqueIdentifier>
    </Filter>
  </ItemGroup>
</Project>